
Microsoft Visual Studio Solution File, Format Version 12.00
# Visual Studio Version 16
VisualStudioVersion = 16.0.32228.343
MinimumVisualStudioVersion = 10.0.40219.1
Project("{FAE04EC0-301F-11D3-BF4B-00C04F79EFBC}") = "GrpcService1", "GrpcService1\GrpcService1.csproj", "{9BDE8685-431F-4AB0-96FE-06ED994CD59A}"
EndProject
Global
	GlobalSection(SolutionConfigurationPlatforms) = preSolution
		Debug|Any CPU = Debug|Any CPU
		Release|Any CPU = Release|Any CPU
	EndGlobalSection
	GlobalSection(ProjectConfigurationPlatforms) = postSolution
		{9BDE8685-431F-4AB0-96FE-06ED994CD59A}.Debug|Any CPU.ActiveCfg = Debug|Any CPU
		{9BDE8685-431F-4AB0-96FE-06ED994CD59A}.Debug|Any CPU.Build.0 = Debug|Any CPU
		{9BDE8685-431F-4AB0-96FE-06ED994CD59A}.Release|Any CPU.ActiveCfg = Release|Any CPU
		{9BDE8685-431F-4AB0-96FE-06ED994CD59A}.Release|Any CPU.Build.0 = Release|Any CPU
	EndGlobalSection
	GlobalSection(SolutionProperties) = preSolution
		HideSolutionNode = FALSE
	EndGlobalSection
	GlobalSection(ExtensibilityGlobals) = postSolution
		SolutionGuid = {D05D95E0-14D4-4B6A-A177-659736579B49}
	EndGlobalSection
EndGlobal
